# This file is automatically @generated by Cargo.
# It is not intended for manual editing.
[[package]]
name = "adler32"
version = "1.0.2"
source = "registry+https://github.com/rust-lang/crates.io-index"

[[package]]
name = "aho-corasick"
version = "0.6.4"
source = "registry+https://github.com/rust-lang/crates.io-index"
dependencies = [
 "memchr 2.0.1 (registry+https://github.com/rust-lang/crates.io-index)",
]

[[package]]
name = "bincode"
version = "0.9.2"
source = "registry+https://github.com/rust-lang/crates.io-index"
dependencies = [
 "byteorder 1.2.1 (registry+https://github.com/rust-lang/crates.io-index)",
 "serde 1.0.27 (registry+https://github.com/rust-lang/crates.io-index)",
]

[[package]]
name = "bitflags"
version = "0.4.0"
source = "registry+https://github.com/rust-lang/crates.io-index"

[[package]]
name = "bitflags"
version = "1.0.1"
source = "registry+https://github.com/rust-lang/crates.io-index"

[[package]]
name = "bspline"
version = "0.2.2"
source = "registry+https://github.com/rust-lang/crates.io-index"

[[package]]
name = "byteorder"
version = "1.2.1"
source = "registry+https://github.com/rust-lang/crates.io-index"

[[package]]
name = "bytes"
version = "0.3.0"
source = "registry+https://github.com/rust-lang/crates.io-index"

[[package]]
name = "cfg-if"
version = "0.1.2"
source = "registry+https://github.com/rust-lang/crates.io-index"

[[package]]
name = "coco"
version = "0.1.1"
source = "registry+https://github.com/rust-lang/crates.io-index"
dependencies = [
 "either 1.4.0 (registry+https://github.com/rust-lang/crates.io-index)",
 "scopeguard 0.3.3 (registry+https://github.com/rust-lang/crates.io-index)",
]

[[package]]
name = "color_quant"
version = "1.0.0"
source = "registry+https://github.com/rust-lang/crates.io-index"

[[package]]
name = "deflate"
version = "0.7.17"
source = "registry+https://github.com/rust-lang/crates.io-index"
dependencies = [
 "adler32 1.0.2 (registry+https://github.com/rust-lang/crates.io-index)",
 "byteorder 1.2.1 (registry+https://github.com/rust-lang/crates.io-index)",
]

[[package]]
name = "docopt"
version = "0.8.3"
source = "registry+https://github.com/rust-lang/crates.io-index"
dependencies = [
 "lazy_static 1.0.0 (registry+https://github.com/rust-lang/crates.io-index)",
 "regex 0.2.5 (registry+https://github.com/rust-lang/crates.io-index)",
 "serde 1.0.27 (registry+https://github.com/rust-lang/crates.io-index)",
 "serde_derive 1.0.27 (registry+https://github.com/rust-lang/crates.io-index)",
 "strsim 0.6.0 (registry+https://github.com/rust-lang/crates.io-index)",
]

[[package]]
name = "dtoa"
version = "0.4.2"
source = "registry+https://github.com/rust-lang/crates.io-index"

[[package]]
name = "either"
version = "1.4.0"
source = "registry+https://github.com/rust-lang/crates.io-index"

[[package]]
name = "enum-set"
version = "0.0.7"
source = "registry+https://github.com/rust-lang/crates.io-index"

[[package]]
name = "enum_primitive"
version = "0.1.1"
source = "registry+https://github.com/rust-lang/crates.io-index"
dependencies = [
 "num-traits 0.1.42 (registry+https://github.com/rust-lang/crates.io-index)",
]

[[package]]
name = "fuchsia-zircon"
version = "0.3.3"
source = "registry+https://github.com/rust-lang/crates.io-index"
dependencies = [
 "bitflags 1.0.1 (registry+https://github.com/rust-lang/crates.io-index)",
 "fuchsia-zircon-sys 0.3.3 (registry+https://github.com/rust-lang/crates.io-index)",
]

[[package]]
name = "fuchsia-zircon-sys"
version = "0.3.3"
source = "registry+https://github.com/rust-lang/crates.io-index"

[[package]]
name = "gif"
version = "0.9.2"
source = "registry+https://github.com/rust-lang/crates.io-index"
dependencies = [
 "color_quant 1.0.0 (registry+https://github.com/rust-lang/crates.io-index)",
 "lzw 0.10.0 (registry+https://github.com/rust-lang/crates.io-index)",
]

[[package]]
name = "image"
version = "0.18.0"
source = "registry+https://github.com/rust-lang/crates.io-index"
dependencies = [
 "byteorder 1.2.1 (registry+https://github.com/rust-lang/crates.io-index)",
 "enum_primitive 0.1.1 (registry+https://github.com/rust-lang/crates.io-index)",
 "gif 0.9.2 (registry+https://github.com/rust-lang/crates.io-index)",
 "jpeg-decoder 0.1.13 (registry+https://github.com/rust-lang/crates.io-index)",
 "num-iter 0.1.34 (registry+https://github.com/rust-lang/crates.io-index)",
 "num-rational 0.1.41 (registry+https://github.com/rust-lang/crates.io-index)",
 "num-traits 0.1.42 (registry+https://github.com/rust-lang/crates.io-index)",
 "png 0.11.0 (registry+https://github.com/rust-lang/crates.io-index)",
 "scoped_threadpool 0.1.8 (registry+https://github.com/rust-lang/crates.io-index)",
]

[[package]]
name = "inflate"
version = "0.3.3"
source = "registry+https://github.com/rust-lang/crates.io-index"
dependencies = [
 "adler32 1.0.2 (registry+https://github.com/rust-lang/crates.io-index)",
]

[[package]]
name = "itoa"
version = "0.3.4"
source = "registry+https://github.com/rust-lang/crates.io-index"

[[package]]
name = "jpeg-decoder"
version = "0.1.13"
source = "registry+https://github.com/rust-lang/crates.io-index"
dependencies = [
 "byteorder 1.2.1 (registry+https://github.com/rust-lang/crates.io-index)",
 "rayon 0.8.2 (registry+https://github.com/rust-lang/crates.io-index)",
]

[[package]]
name = "kernel32-sys"
version = "0.2.2"
source = "registry+https://github.com/rust-lang/crates.io-index"
dependencies = [
 "winapi 0.2.8 (registry+https://github.com/rust-lang/crates.io-index)",
 "winapi-build 0.1.1 (registry+https://github.com/rust-lang/crates.io-index)",
]

[[package]]
name = "la"
version = "0.2.0"
source = "registry+https://github.com/rust-lang/crates.io-index"
dependencies = [
 "num 0.1.41 (registry+https://github.com/rust-lang/crates.io-index)",
 "rand 0.3.20 (registry+https://github.com/rust-lang/crates.io-index)",
]

[[package]]
name = "lazy_static"
version = "0.2.11"
source = "registry+https://github.com/rust-lang/crates.io-index"

[[package]]
name = "lazy_static"
version = "1.0.0"
source = "registry+https://github.com/rust-lang/crates.io-index"

[[package]]
name = "libc"
version = "0.2.36"
source = "registry+https://github.com/rust-lang/crates.io-index"

[[package]]
name = "light_arena"
version = "1.0.1"
source = "registry+https://github.com/rust-lang/crates.io-index"

[[package]]
name = "log"
version = "0.3.9"
source = "registry+https://github.com/rust-lang/crates.io-index"
dependencies = [
 "log 0.4.1 (registry+https://github.com/rust-lang/crates.io-index)",
]

[[package]]
name = "log"
version = "0.4.1"
source = "registry+https://github.com/rust-lang/crates.io-index"
dependencies = [
 "cfg-if 0.1.2 (registry+https://github.com/rust-lang/crates.io-index)",
]

[[package]]
name = "lzw"
version = "0.10.0"
source = "registry+https://github.com/rust-lang/crates.io-index"

[[package]]
name = "memchr"
version = "2.0.1"
source = "registry+https://github.com/rust-lang/crates.io-index"
dependencies = [
 "libc 0.2.36 (registry+https://github.com/rust-lang/crates.io-index)",
]

[[package]]
name = "mio"
version = "0.5.1"
source = "registry+https://github.com/rust-lang/crates.io-index"
dependencies = [
 "bytes 0.3.0 (registry+https://github.com/rust-lang/crates.io-index)",
 "libc 0.2.36 (registry+https://github.com/rust-lang/crates.io-index)",
 "log 0.3.9 (registry+https://github.com/rust-lang/crates.io-index)",
 "miow 0.1.5 (registry+https://github.com/rust-lang/crates.io-index)",
 "net2 0.2.31 (registry+https://github.com/rust-lang/crates.io-index)",
 "nix 0.5.1 (registry+https://github.com/rust-lang/crates.io-index)",
 "slab 0.1.3 (registry+https://github.com/rust-lang/crates.io-index)",
 "time 0.1.39 (registry+https://github.com/rust-lang/crates.io-index)",
 "winapi 0.2.8 (registry+https://github.com/rust-lang/crates.io-index)",
]

[[package]]
name = "miow"
version = "0.1.5"
source = "registry+https://github.com/rust-lang/crates.io-index"
dependencies = [
 "kernel32-sys 0.2.2 (registry+https://github.com/rust-lang/crates.io-index)",
 "net2 0.2.31 (registry+https://github.com/rust-lang/crates.io-index)",
 "winapi 0.2.8 (registry+https://github.com/rust-lang/crates.io-index)",
 "ws2_32-sys 0.2.1 (registry+https://github.com/rust-lang/crates.io-index)",
]

[[package]]
name = "net2"
version = "0.2.31"
source = "registry+https://github.com/rust-lang/crates.io-index"
dependencies = [
 "cfg-if 0.1.2 (registry+https://github.com/rust-lang/crates.io-index)",
 "kernel32-sys 0.2.2 (registry+https://github.com/rust-lang/crates.io-index)",
 "libc 0.2.36 (registry+https://github.com/rust-lang/crates.io-index)",
 "winapi 0.2.8 (registry+https://github.com/rust-lang/crates.io-index)",
 "ws2_32-sys 0.2.1 (registry+https://github.com/rust-lang/crates.io-index)",
]

[[package]]
name = "nix"
version = "0.5.1"
source = "registry+https://github.com/rust-lang/crates.io-index"
dependencies = [
 "bitflags 0.4.0 (registry+https://github.com/rust-lang/crates.io-index)",
 "libc 0.2.36 (registry+https://github.com/rust-lang/crates.io-index)",
]

[[package]]
name = "num"
version = "0.1.41"
source = "registry+https://github.com/rust-lang/crates.io-index"
dependencies = [
 "num-bigint 0.1.41 (registry+https://github.com/rust-lang/crates.io-index)",
 "num-complex 0.1.41 (registry+https://github.com/rust-lang/crates.io-index)",
 "num-integer 0.1.35 (registry+https://github.com/rust-lang/crates.io-index)",
 "num-iter 0.1.34 (registry+https://github.com/rust-lang/crates.io-index)",
 "num-rational 0.1.41 (registry+https://github.com/rust-lang/crates.io-index)",
 "num-traits 0.1.42 (registry+https://github.com/rust-lang/crates.io-index)",
]

[[package]]
name = "num-bigint"
version = "0.1.41"
source = "registry+https://github.com/rust-lang/crates.io-index"
dependencies = [
 "num-integer 0.1.35 (registry+https://github.com/rust-lang/crates.io-index)",
 "num-traits 0.1.42 (registry+https://github.com/rust-lang/crates.io-index)",
 "rand 0.3.20 (registry+https://github.com/rust-lang/crates.io-index)",
 "rustc-serialize 0.3.24 (registry+https://github.com/rust-lang/crates.io-index)",
]

[[package]]
name = "num-complex"
version = "0.1.41"
source = "registry+https://github.com/rust-lang/crates.io-index"
dependencies = [
 "num-traits 0.1.42 (registry+https://github.com/rust-lang/crates.io-index)",
 "rustc-serialize 0.3.24 (registry+https://github.com/rust-lang/crates.io-index)",
]

[[package]]
name = "num-integer"
version = "0.1.35"
source = "registry+https://github.com/rust-lang/crates.io-index"
dependencies = [
 "num-traits 0.1.42 (registry+https://github.com/rust-lang/crates.io-index)",
]

[[package]]
name = "num-iter"
version = "0.1.34"
source = "registry+https://github.com/rust-lang/crates.io-index"
dependencies = [
 "num-integer 0.1.35 (registry+https://github.com/rust-lang/crates.io-index)",
 "num-traits 0.1.42 (registry+https://github.com/rust-lang/crates.io-index)",
]

[[package]]
name = "num-rational"
version = "0.1.41"
source = "registry+https://github.com/rust-lang/crates.io-index"
dependencies = [
 "num-bigint 0.1.41 (registry+https://github.com/rust-lang/crates.io-index)",
 "num-integer 0.1.35 (registry+https://github.com/rust-lang/crates.io-index)",
 "num-traits 0.1.42 (registry+https://github.com/rust-lang/crates.io-index)",
 "rustc-serialize 0.3.24 (registry+https://github.com/rust-lang/crates.io-index)",
]

[[package]]
name = "num-traits"
version = "0.1.42"
source = "registry+https://github.com/rust-lang/crates.io-index"

[[package]]
name = "num_cpus"
version = "1.8.0"
source = "registry+https://github.com/rust-lang/crates.io-index"
dependencies = [
 "libc 0.2.36 (registry+https://github.com/rust-lang/crates.io-index)",
]

[[package]]
name = "png"
version = "0.11.0"
source = "registry+https://github.com/rust-lang/crates.io-index"
dependencies = [
 "bitflags 1.0.1 (registry+https://github.com/rust-lang/crates.io-index)",
 "deflate 0.7.17 (registry+https://github.com/rust-lang/crates.io-index)",
 "inflate 0.3.3 (registry+https://github.com/rust-lang/crates.io-index)",
 "num-iter 0.1.34 (registry+https://github.com/rust-lang/crates.io-index)",
]

[[package]]
name = "quote"
version = "0.3.15"
source = "registry+https://github.com/rust-lang/crates.io-index"

[[package]]
name = "rand"
version = "0.3.20"
source = "registry+https://github.com/rust-lang/crates.io-index"
dependencies = [
 "fuchsia-zircon 0.3.3 (registry+https://github.com/rust-lang/crates.io-index)",
 "libc 0.2.36 (registry+https://github.com/rust-lang/crates.io-index)",
]

[[package]]
name = "rand"
version = "0.4.2"
source = "registry+https://github.com/rust-lang/crates.io-index"
dependencies = [
 "fuchsia-zircon 0.3.3 (registry+https://github.com/rust-lang/crates.io-index)",
 "libc 0.2.36 (registry+https://github.com/rust-lang/crates.io-index)",
 "winapi 0.3.4 (registry+https://github.com/rust-lang/crates.io-index)",
]

[[package]]
name = "rayon"
version = "0.8.2"
source = "registry+https://github.com/rust-lang/crates.io-index"
dependencies = [
 "rayon-core 1.3.0 (registry+https://github.com/rust-lang/crates.io-index)",
]

[[package]]
name = "rayon-core"
version = "1.3.0"
source = "registry+https://github.com/rust-lang/crates.io-index"
dependencies = [
 "coco 0.1.1 (registry+https://github.com/rust-lang/crates.io-index)",
 "lazy_static 0.2.11 (registry+https://github.com/rust-lang/crates.io-index)",
 "libc 0.2.36 (registry+https://github.com/rust-lang/crates.io-index)",
 "num_cpus 1.8.0 (registry+https://github.com/rust-lang/crates.io-index)",
 "rand 0.3.20 (registry+https://github.com/rust-lang/crates.io-index)",
]

[[package]]
name = "redox_syscall"
version = "0.1.37"
source = "registry+https://github.com/rust-lang/crates.io-index"

[[package]]
name = "regex"
version = "0.2.5"
source = "registry+https://github.com/rust-lang/crates.io-index"
dependencies = [
 "aho-corasick 0.6.4 (registry+https://github.com/rust-lang/crates.io-index)",
 "memchr 2.0.1 (registry+https://github.com/rust-lang/crates.io-index)",
 "regex-syntax 0.4.2 (registry+https://github.com/rust-lang/crates.io-index)",
 "thread_local 0.3.5 (registry+https://github.com/rust-lang/crates.io-index)",
 "utf8-ranges 1.0.0 (registry+https://github.com/rust-lang/crates.io-index)",
]

[[package]]
name = "regex-syntax"
version = "0.4.2"
source = "registry+https://github.com/rust-lang/crates.io-index"

[[package]]
name = "rustc-serialize"
version = "0.3.24"
source = "registry+https://github.com/rust-lang/crates.io-index"

[[package]]
name = "scoped_threadpool"
version = "0.1.8"
source = "registry+https://github.com/rust-lang/crates.io-index"

[[package]]
name = "scopeguard"
version = "0.3.3"
source = "registry+https://github.com/rust-lang/crates.io-index"

[[package]]
name = "serde"
version = "1.0.27"
source = "registry+https://github.com/rust-lang/crates.io-index"

[[package]]
name = "serde_derive"
version = "1.0.27"
source = "registry+https://github.com/rust-lang/crates.io-index"
dependencies = [
 "quote 0.3.15 (registry+https://github.com/rust-lang/crates.io-index)",
 "serde_derive_internals 0.19.0 (registry+https://github.com/rust-lang/crates.io-index)",
 "syn 0.11.11 (registry+https://github.com/rust-lang/crates.io-index)",
]

[[package]]
name = "serde_derive_internals"
version = "0.19.0"
source = "registry+https://github.com/rust-lang/crates.io-index"
dependencies = [
 "syn 0.11.11 (registry+https://github.com/rust-lang/crates.io-index)",
 "synom 0.11.3 (registry+https://github.com/rust-lang/crates.io-index)",
]

[[package]]
name = "serde_json"
version = "1.0.9"
source = "registry+https://github.com/rust-lang/crates.io-index"
dependencies = [
 "dtoa 0.4.2 (registry+https://github.com/rust-lang/crates.io-index)",
 "itoa 0.3.4 (registry+https://github.com/rust-lang/crates.io-index)",
 "num-traits 0.1.42 (registry+https://github.com/rust-lang/crates.io-index)",
 "serde 1.0.27 (registry+https://github.com/rust-lang/crates.io-index)",
]

[[package]]
name = "slab"
version = "0.1.3"
source = "registry+https://github.com/rust-lang/crates.io-index"

[[package]]
name = "strsim"
version = "0.6.0"
source = "registry+https://github.com/rust-lang/crates.io-index"

[[package]]
name = "syn"
version = "0.11.11"
source = "registry+https://github.com/rust-lang/crates.io-index"
dependencies = [
 "quote 0.3.15 (registry+https://github.com/rust-lang/crates.io-index)",
 "synom 0.11.3 (registry+https://github.com/rust-lang/crates.io-index)",
 "unicode-xid 0.0.4 (registry+https://github.com/rust-lang/crates.io-index)",
]

[[package]]
name = "synom"
version = "0.11.3"
source = "registry+https://github.com/rust-lang/crates.io-index"
dependencies = [
 "unicode-xid 0.0.4 (registry+https://github.com/rust-lang/crates.io-index)",
]

[[package]]
name = "thread_local"
version = "0.3.5"
source = "registry+https://github.com/rust-lang/crates.io-index"
dependencies = [
 "lazy_static 1.0.0 (registry+https://github.com/rust-lang/crates.io-index)",
 "unreachable 1.0.0 (registry+https://github.com/rust-lang/crates.io-index)",
]

[[package]]
name = "time"
version = "0.1.39"
source = "registry+https://github.com/rust-lang/crates.io-index"
dependencies = [
 "libc 0.2.36 (registry+https://github.com/rust-lang/crates.io-index)",
 "redox_syscall 0.1.37 (registry+https://github.com/rust-lang/crates.io-index)",
 "winapi 0.3.4 (registry+https://github.com/rust-lang/crates.io-index)",
]

[[package]]
name = "tobj"
version = "0.1.6"
source = "registry+https://github.com/rust-lang/crates.io-index"

[[package]]
name = "tray_rust"
version = "0.0.1"
dependencies = [
 "bincode 0.9.2 (registry+https://github.com/rust-lang/crates.io-index)",
 "bspline 0.2.2 (registry+https://github.com/rust-lang/crates.io-index)",
 "byteorder 1.2.1 (registry+https://github.com/rust-lang/crates.io-index)",
 "docopt 0.8.3 (registry+https://github.com/rust-lang/crates.io-index)",
 "enum-set 0.0.7 (registry+https://github.com/rust-lang/crates.io-index)",
 "image 0.18.0 (registry+https://github.com/rust-lang/crates.io-index)",
 "la 0.2.0 (registry+https://github.com/rust-lang/crates.io-index)",
 "light_arena 1.0.1 (registry+https://github.com/rust-lang/crates.io-index)",
 "mio 0.5.1 (registry+https://github.com/rust-lang/crates.io-index)",
 "num_cpus 1.8.0 (registry+https://github.com/rust-lang/crates.io-index)",
 "rand 0.4.2 (registry+https://github.com/rust-lang/crates.io-index)",
 "scoped_threadpool 0.1.8 (registry+https://github.com/rust-lang/crates.io-index)",
 "serde 1.0.27 (registry+https://github.com/rust-lang/crates.io-index)",
 "serde_derive 1.0.27 (registry+https://github.com/rust-lang/crates.io-index)",
 "serde_json 1.0.9 (registry+https://github.com/rust-lang/crates.io-index)",
 "tobj 0.1.6 (registry+https://github.com/rust-lang/crates.io-index)",
]

[[package]]
name = "unicode-xid"
version = "0.0.4"
source = "registry+https://github.com/rust-lang/crates.io-index"

[[package]]
name = "unreachable"
version = "1.0.0"
source = "registry+https://github.com/rust-lang/crates.io-index"
dependencies = [
 "void 1.0.2 (registry+https://github.com/rust-lang/crates.io-index)",
]

[[package]]
name = "utf8-ranges"
version = "1.0.0"
source = "registry+https://github.com/rust-lang/crates.io-index"

[[package]]
name = "void"
version = "1.0.2"
source = "registry+https://github.com/rust-lang/crates.io-index"

[[package]]
name = "winapi"
version = "0.2.8"
source = "registry+https://github.com/rust-lang/crates.io-index"

[[package]]
name = "winapi"
version = "0.3.4"
source = "registry+https://github.com/rust-lang/crates.io-index"
dependencies = [
 "winapi-i686-pc-windows-gnu 0.4.0 (registry+https://github.com/rust-lang/crates.io-index)",
 "winapi-x86_64-pc-windows-gnu 0.4.0 (registry+https://github.com/rust-lang/crates.io-index)",
]

[[package]]
name = "winapi-build"
version = "0.1.1"
source = "registry+https://github.com/rust-lang/crates.io-index"

[[package]]
name = "winapi-i686-pc-windows-gnu"
version = "0.4.0"
source = "registry+https://github.com/rust-lang/crates.io-index"

[[package]]
name = "winapi-x86_64-pc-windows-gnu"
version = "0.4.0"
source = "registry+https://github.com/rust-lang/crates.io-index"

[[package]]
name = "ws2_32-sys"
version = "0.2.1"
source = "registry+https://github.com/rust-lang/crates.io-index"
dependencies = [
 "winapi 0.2.8 (registry+https://github.com/rust-lang/crates.io-index)",
 "winapi-build 0.1.1 (registry+https://github.com/rust-lang/crates.io-index)",
]

[metadata]
"checksum adler32 1.0.2 (registry+https://github.com/rust-lang/crates.io-index)" = "6cbd0b9af8587c72beadc9f72d35b9fbb070982c9e6203e46e93f10df25f8f45"
"checksum aho-corasick 0.6.4 (registry+https://github.com/rust-lang/crates.io-index)" = "d6531d44de723825aa81398a6415283229725a00fa30713812ab9323faa82fc4"
"checksum bincode 0.9.2 (registry+https://github.com/rust-lang/crates.io-index)" = "9a6301db0b49fb63551bc15b5ae348147101cdf323242b93ec7546d5002ff1af"
"checksum bitflags 0.4.0 (registry+https://github.com/rust-lang/crates.io-index)" = "8dead7461c1127cf637931a1e50934eb6eee8bff2f74433ac7909e9afcee04a3"
"checksum bitflags 1.0.1 (registry+https://github.com/rust-lang/crates.io-index)" = "b3c30d3802dfb7281680d6285f2ccdaa8c2d8fee41f93805dba5c4cf50dc23cf"
"checksum bspline 0.2.2 (registry+https://github.com/rust-lang/crates.io-index)" = "74f18b6fbb9f7a8d6d779d7d1b9496093789a5a07af62337c9286b59a95cba59"
"checksum byteorder 1.2.1 (registry+https://github.com/rust-lang/crates.io-index)" = "652805b7e73fada9d85e9a6682a4abd490cb52d96aeecc12e33a0de34dfd0d23"
"checksum bytes 0.3.0 (registry+https://github.com/rust-lang/crates.io-index)" = "c129aff112dcc562970abb69e2508b40850dd24c274761bb50fb8a0067ba6c27"
"checksum cfg-if 0.1.2 (registry+https://github.com/rust-lang/crates.io-index)" = "d4c819a1287eb618df47cc647173c5c4c66ba19d888a6e50d605672aed3140de"
"checksum coco 0.1.1 (registry+https://github.com/rust-lang/crates.io-index)" = "c06169f5beb7e31c7c67ebf5540b8b472d23e3eade3b2ec7d1f5b504a85f91bd"
"checksum color_quant 1.0.0 (registry+https://github.com/rust-lang/crates.io-index)" = "a475fc4af42d83d28adf72968d9bcfaf035a1a9381642d8e85d8a04957767b0d"
"checksum deflate 0.7.17 (registry+https://github.com/rust-lang/crates.io-index)" = "4dddda59aaab719767ab11d3efd9a714e95b610c4445d4435765021e9d52dfb1"
"checksum docopt 0.8.3 (registry+https://github.com/rust-lang/crates.io-index)" = "d8acd393692c503b168471874953a2531df0e9ab77d0b6bbc582395743300a4a"
"checksum dtoa 0.4.2 (registry+https://github.com/rust-lang/crates.io-index)" = "09c3753c3db574d215cba4ea76018483895d7bff25a31b49ba45db21c48e50ab"
"checksum either 1.4.0 (registry+https://github.com/rust-lang/crates.io-index)" = "740178ddf48b1a9e878e6d6509a1442a2d42fd2928aae8e7a6f8a36fb01981b3"
"checksum enum-set 0.0.7 (registry+https://github.com/rust-lang/crates.io-index)" = "da4d062c93d122903dbbbfc0c9a82f25af63ef65339a85dc1d0f6951458601b5"
"checksum enum_primitive 0.1.1 (registry+https://github.com/rust-lang/crates.io-index)" = "be4551092f4d519593039259a9ed8daedf0da12e5109c5280338073eaeb81180"
"checksum fuchsia-zircon 0.3.3 (registry+https://github.com/rust-lang/crates.io-index)" = "2e9763c69ebaae630ba35f74888db465e49e259ba1bc0eda7d06f4a067615d82"
"checksum fuchsia-zircon-sys 0.3.3 (registry+https://github.com/rust-lang/crates.io-index)" = "3dcaa9ae7725d12cdb85b3ad99a434db70b468c09ded17e012d86b5c1010f7a7"
"checksum gif 0.9.2 (registry+https://github.com/rust-lang/crates.io-index)" = "e2e41945ba23db3bf51b24756d73d81acb4f28d85c3dccc32c6fae904438c25f"
"checksum image 0.18.0 (registry+https://github.com/rust-lang/crates.io-index)" = "545f000e8aa4e569e93f49c446987133452e0091c2494ac3efd3606aa3d309f2"
"checksum inflate 0.3.3 (registry+https://github.com/rust-lang/crates.io-index)" = "10ec05638adf7c5c788bc0cfa608cd479a13572beda20feb4898fe1d85d2c64b"
"checksum itoa 0.3.4 (registry+https://github.com/rust-lang/crates.io-index)" = "8324a32baf01e2ae060e9de58ed0bc2320c9a2833491ee36cd3b4c414de4db8c"
"checksum jpeg-decoder 0.1.13 (registry+https://github.com/rust-lang/crates.io-index)" = "2805ccb10ffe4d10e06ef68a158ff94c255211ecbae848fbde2146b098f93ce7"
"checksum kernel32-sys 0.2.2 (registry+https://github.com/rust-lang/crates.io-index)" = "7507624b29483431c0ba2d82aece8ca6cdba9382bff4ddd0f7490560c056098d"
"checksum la 0.2.0 (registry+https://github.com/rust-lang/crates.io-index)" = "c0500e95bb7a4bb773d952d160beeae040fd77479b16f05672d9b63727e65957"
"checksum lazy_static 0.2.11 (registry+https://github.com/rust-lang/crates.io-index)" = "76f033c7ad61445c5b347c7382dd1237847eb1bce590fe50365dcb33d546be73"
"checksum lazy_static 1.0.0 (registry+https://github.com/rust-lang/crates.io-index)" = "c8f31047daa365f19be14b47c29df4f7c3b581832407daabe6ae77397619237d"
"checksum libc 0.2.36 (registry+https://github.com/rust-lang/crates.io-index)" = "1e5d97d6708edaa407429faa671b942dc0f2727222fb6b6539bf1db936e4b121"
"checksum light_arena 1.0.1 (registry+https://github.com/rust-lang/crates.io-index)" = "bda7d821ae7974e30228b0f0785c2e14b63e4f7ac0c3969f0a2af79992ebf099"
"checksum log 0.3.9 (registry+https://github.com/rust-lang/crates.io-index)" = "e19e8d5c34a3e0e2223db8e060f9e8264aeeb5c5fc64a4ee9965c062211c024b"
"checksum log 0.4.1 (registry+https://github.com/rust-lang/crates.io-index)" = "89f010e843f2b1a31dbd316b3b8d443758bc634bed37aabade59c686d644e0a2"
"checksum lzw 0.10.0 (registry+https://github.com/rust-lang/crates.io-index)" = "7d947cbb889ed21c2a84be6ffbaebf5b4e0f4340638cba0444907e38b56be084"
"checksum memchr 2.0.1 (registry+https://github.com/rust-lang/crates.io-index)" = "796fba70e76612589ed2ce7f45282f5af869e0fdd7cc6199fa1aa1f1d591ba9d"
"checksum mio 0.5.1 (registry+https://github.com/rust-lang/crates.io-index)" = "a637d1ca14eacae06296a008fa7ad955347e34efcb5891cfd8ba05491a37907e"
"checksum miow 0.1.5 (registry+https://github.com/rust-lang/crates.io-index)" = "3e690c5df6b2f60acd45d56378981e827ff8295562fc8d34f573deb267a59cd1"
"checksum net2 0.2.31 (registry+https://github.com/rust-lang/crates.io-index)" = "3a80f842784ef6c9a958b68b7516bc7e35883c614004dd94959a4dca1b716c09"
"checksum nix 0.5.1 (registry+https://github.com/rust-lang/crates.io-index)" = "bfb3ddedaa14746434a02041940495bf11325c22f6d36125d3bdd56090d50a79"
"checksum num 0.1.41 (registry+https://github.com/rust-lang/crates.io-index)" = "cc4083e14b542ea3eb9b5f33ff48bd373a92d78687e74f4cc0a30caeb754f0ca"
"checksum num-bigint 0.1.41 (registry+https://github.com/rust-lang/crates.io-index)" = "bdc1494b5912f088f260b775799468d9b9209ac60885d8186a547a0476289e23"
"checksum num-complex 0.1.41 (registry+https://github.com/rust-lang/crates.io-index)" = "58de7b4bf7cf5dbecb635a5797d489864eadd03b107930cbccf9e0fd7428b47c"
"checksum num-integer 0.1.35 (registry+https://github.com/rust-lang/crates.io-index)" = "d1452e8b06e448a07f0e6ebb0bb1d92b8890eea63288c0b627331d53514d0fba"
"checksum num-iter 0.1.34 (registry+https://github.com/rust-lang/crates.io-index)" = "7485fcc84f85b4ecd0ea527b14189281cf27d60e583ae65ebc9c088b13dffe01"
"checksum num-rational 0.1.41 (registry+https://github.com/rust-lang/crates.io-index)" = "0b950f75e042fdd710460084d19c8efdcd72d65183ead8ecd04b90483f5a55d2"
"checksum num-traits 0.1.42 (registry+https://github.com/rust-lang/crates.io-index)" = "9936036cc70fe4a8b2d338ab665900323290efb03983c86cbe235ae800ad8017"
"checksum num_cpus 1.8.0 (registry+https://github.com/rust-lang/crates.io-index)" = "c51a3322e4bca9d212ad9a158a02abc6934d005490c054a2778df73a70aa0a30"
"checksum png 0.11.0 (registry+https://github.com/rust-lang/crates.io-index)" = "f0b0cabbbd20c2d7f06dbf015e06aad59b6ca3d9ed14848783e98af9aaf19925"
"checksum quote 0.3.15 (registry+https://github.com/rust-lang/crates.io-index)" = "7a6e920b65c65f10b2ae65c831a81a073a89edd28c7cce89475bff467ab4167a"
"checksum rand 0.3.20 (registry+https://github.com/rust-lang/crates.io-index)" = "512870020642bb8c221bf68baa1b2573da814f6ccfe5c9699b1c303047abe9b1"
"checksum rand 0.4.2 (registry+https://github.com/rust-lang/crates.io-index)" = "eba5f8cb59cc50ed56be8880a5c7b496bfd9bd26394e176bc67884094145c2c5"
"checksum rayon 0.8.2 (registry+https://github.com/rust-lang/crates.io-index)" = "b614fe08b6665cb9a231d07ac1364b0ef3cb3698f1239ee0c4c3a88a524f54c8"
"checksum rayon-core 1.3.0 (registry+https://github.com/rust-lang/crates.io-index)" = "e64b609139d83da75902f88fd6c01820046840a18471e4dfcd5ac7c0f46bea53"
"checksum redox_syscall 0.1.37 (registry+https://github.com/rust-lang/crates.io-index)" = "0d92eecebad22b767915e4d529f89f28ee96dbbf5a4810d2b844373f136417fd"
"checksum regex 0.2.5 (registry+https://github.com/rust-lang/crates.io-index)" = "744554e01ccbd98fff8c457c3b092cd67af62a555a43bfe97ae8a0451f7799fa"
"checksum regex-syntax 0.4.2 (registry+https://github.com/rust-lang/crates.io-index)" = "8e931c58b93d86f080c734bfd2bce7dd0079ae2331235818133c8be7f422e20e"
"checksum rustc-serialize 0.3.24 (registry+https://github.com/rust-lang/crates.io-index)" = "dcf128d1287d2ea9d80910b5f1120d0b8eede3fbf1abe91c40d39ea7d51e6fda"
"checksum scoped_threadpool 0.1.8 (registry+https://github.com/rust-lang/crates.io-index)" = "4ea459fe3ceff01e09534847c49860891d3ff1c12b4eb7731b67f2778fb60190"
"checksum scopeguard 0.3.3 (registry+https://github.com/rust-lang/crates.io-index)" = "94258f53601af11e6a49f722422f6e3425c52b06245a5cf9bc09908b174f5e27"
"checksum serde 1.0.27 (registry+https://github.com/rust-lang/crates.io-index)" = "db99f3919e20faa51bb2996057f5031d8685019b5a06139b1ce761da671b8526"
"checksum serde_derive 1.0.27 (registry+https://github.com/rust-lang/crates.io-index)" = "f4ba7591cfe93755e89eeecdbcc668885624829b020050e6aec99c2a03bd3fd0"
"checksum serde_derive_internals 0.19.0 (registry+https://github.com/rust-lang/crates.io-index)" = "6e03f1c9530c3fb0a0a5c9b826bdd9246a5921ae995d75f512ac917fc4dd55b5"
"checksum serde_json 1.0.9 (registry+https://github.com/rust-lang/crates.io-index)" = "c9db7266c7d63a4c4b7fe8719656ccdd51acf1bed6124b174f933b009fb10bcb"
"checksum slab 0.1.3 (registry+https://github.com/rust-lang/crates.io-index)" = "d807fd58c4181bbabed77cb3b891ba9748241a552bcc5be698faaebefc54f46e"
"checksum strsim 0.6.0 (registry+https://github.com/rust-lang/crates.io-index)" = "b4d15c810519a91cf877e7e36e63fe068815c678181439f2f29e2562147c3694"
"checksum syn 0.11.11 (registry+https://github.com/rust-lang/crates.io-index)" = "d3b891b9015c88c576343b9b3e41c2c11a51c219ef067b264bd9c8aa9b441dad"
"checksum synom 0.11.3 (registry+https://github.com/rust-lang/crates.io-index)" = "a393066ed9010ebaed60b9eafa373d4b1baac186dd7e008555b0f702b51945b6"
"checksum thread_local 0.3.5 (registry+https://github.com/rust-lang/crates.io-index)" = "279ef31c19ededf577bfd12dfae728040a21f635b06a24cd670ff510edd38963"
"checksum time 0.1.39 (registry+https://github.com/rust-lang/crates.io-index)" = "a15375f1df02096fb3317256ce2cee6a1f42fc84ea5ad5fc8c421cfe40c73098"
"checksum tobj 0.1.6 (registry+https://github.com/rust-lang/crates.io-index)" = "c5eb0cdeabef6fcefb92c6dcb8571ba1880d36eb608da4f9cf62673765eadc31"
"checksum unicode-xid 0.0.4 (registry+https://github.com/rust-lang/crates.io-index)" = "8c1f860d7d29cf02cb2f3f359fd35991af3d30bac52c57d265a3c461074cb4dc"
"checksum unreachable 1.0.0 (registry+https://github.com/rust-lang/crates.io-index)" = "382810877fe448991dfc7f0dd6e3ae5d58088fd0ea5e35189655f84e6814fa56"
"checksum utf8-ranges 1.0.0 (registry+https://github.com/rust-lang/crates.io-index)" = "662fab6525a98beff2921d7f61a39e7d59e0b425ebc7d0d9e66d316e55124122"
"checksum void 1.0.2 (registry+https://github.com/rust-lang/crates.io-index)" = "6a02e4885ed3bc0f2de90ea6dd45ebcbb66dacffe03547fadbb0eeae2770887d"
"checksum winapi 0.2.8 (registry+https://github.com/rust-lang/crates.io-index)" = "167dc9d6949a9b857f3451275e911c3f44255842c1f7a76f33c55103a909087a"
"checksum winapi 0.3.4 (registry+https://github.com/rust-lang/crates.io-index)" = "04e3bd221fcbe8a271359c04f21a76db7d0c6028862d1bb5512d85e1e2eb5bb3"
"checksum winapi-build 0.1.1 (registry+https://github.com/rust-lang/crates.io-index)" = "2d315eee3b34aca4797b2da6b13ed88266e6d612562a0c46390af8299fc699bc"
"checksum winapi-i686-pc-windows-gnu 0.4.0 (registry+https://github.com/rust-lang/crates.io-index)" = "ac3b87c63620426dd9b991e5ce0329eff545bccbbb34f3be09ff6fb6ab51b7b6"
"checksum winapi-x86_64-pc-windows-gnu 0.4.0 (registry+https://github.com/rust-lang/crates.io-index)" = "712e227841d057c1ee1cd2fb22fa7e5a5461ae8e48fa2ca79ec42cfc1931183f"
"checksum ws2_32-sys 0.2.1 (registry+https://github.com/rust-lang/crates.io-index)" = "d59cefebd0c892fa2dd6de581e937301d8552cb44489cdff035c6187cb63fa5e"
